version = 1
revision = 3
requires-python = ">=3.13"

[[package]]
name = "agentic-codebase-intelligence"
version = "0.1.0"
source = { virtual = "." }
dependencies = [
    { name = "gitpython" },
    { name = "neo4j" },
    { name = "networkx" },
    { name = "tree-sitter" },
    { name = "tree-sitter-python" },
]

[package.metadata]
requires-dist = [
    { name = "gitpython", specifier = ">=3.1.59" },
    { name = "neo4j", specifier = ">=6.2.0" },
    { name = "networkx", specifier = ">=3.6.1" },
    { name = "tree-sitter", specifier = "==0.25.0" },
    { name = "tree-sitter-python", specifier = ">=0.25.0" },
]

[[package]]
name = "gitdb"
version = "4.0.12"
source = { registry = "https://pypi.org/simple" }
dependencies = [
    { name = "smmap" },
]
sdist = { url = "https://files.pythonhosted.org/packages/72/94/63b0fc47eb32792c7ba1fe1b694daec9a63620db1e313033d18140c2320a/gitdb-4.0.12.tar.gz", hash = "sha256:5ef71f855d191a3326fcfbc0d5da835f26b13fbcba60c32c21091c349ffdb571", size = 394684, upload-time = "2025-01-02T07:20:46.413Z" }
wheels = [
    { url = "https://files.pythonhosted.org/packages/a0/61/5c78b91c3143ed5c14207f463aecfc8f9dbb5092fb2869baf37c273b2705/gitdb-4.0.12-py3-none-any.whl", hash = "sha256:67073e15955400952c6565cc3e707c554a4eea2e428946f7a4c162fab9bd9bcf", size = 62794, upload-time = "2025-01-02T07:20:43.624Z" },
]

[[package]]
name = "gitpython"
version = "3.1.59"
source = { registry = "https://pypi.org/simple" }
dependencies = [
    { name = "gitdb" },
]
sdist = { url = "https://files.pythonhosted.org/packages/ca/dc/126b28e76b24a9268ba931ad3e012f71ebdadf62fd9f17758f7074bb0b20/gitpython-3.1.59.tar.gz", hash = "sha256:0a1475cfdc38a5bfba1a3e9a4a9da52a39749ecec322b772915c019f94e5b7e4", size = 230445, upload-time = "2026-08-10T12:03:20.271Z" }
wheels = [
    { url = "https://files.pythonhosted.org/packages/ef/ed/ae57eb7d344f43f87b74b3a281ead6ec7d6394eef72a7b1dcb28dd089550/gitpython-3.1.59-py3-none-any.whl", hash = "sha256:67a82f537384578643624c8b2c531938a9b82be431663e575dcf638526631d4c", size = 220996, upload-time = "2026-08-10T12:03:18.804Z" },
]

[[package]]
name = "neo4j"
version = "6.2.0"
source = { registry = "https://pypi.org/simple" }
dependencies = [
    { name = "pytz" },
]
sdist = { url = "https://files.pythonhosted.org/packages/ce/f4/aaa4ac19adae4b01bc742b63afd2672a77e7351566f02721e713e4b863ee/neo4j-6.2.0.tar.gz", hash = "sha256:e1e246b65b572bd8ea97f9e0e721b7d40a5ce53e53d0007c29aef63e4f9124d9", size = 241459, upload-time = "2026-05-04T07:35:41.428Z" }
wheels = [
    { url = "https://files.pythonhosted.org/packages/e6/cf/1c3795866cefaac6e648d4e98c373cafd97810f6e317c307371007ab4abb/neo4j-6.2.0-py3-none-any.whl", hash = "sha256:b87abdd13a5cc2e3bd51026926c2f20ac38fa3febe98c340520dce19e97388d0", size = 327824, upload-time = "2026-05-04T07:35:39.604Z" },
]

[[package]]
name = "networkx"
version = "3.6.1"
source = { registry = "https://pypi.org/simple" }
sdist = { url = "https://files.pythonhosted.org/packages/6a/51/63fe664f3908c97be9d2e4f1158eb633317598cfa6e1fc14af5383f17512/networkx-3.6.1.tar.gz", hash = "sha256:26b7c357accc0c8cde558ad486283728b65b6a95d85ee1cd66bafab4c8168509", size = 2517025, upload-time = "2025-12-08T17:02:39.908Z" }
wheels = [
    { url = "https://files.pythonhosted.org/packages/9e/c9/b2622292ea83fbb4ec318f5b9ab867d0a28ab43c5717bb85b0a5f6b3b0a4/networkx-3.6.1-py3-none-any.whl", hash = "sha256:d47fbf302e7d9cbbb9e2555a0d267983d2aa476bac30e90dfbe5669bd57f3762", size = 2068504, upload-time = "2025-12-08T17:02:38.159Z" },
]

[[package]]
name = "pytz"
version = "2026.3.post1"
source = { registry = "https://pypi.org/simple" }
sdist = { url = "https://files.pythonhosted.org/packages/fb/48/fb042503b6ca6cd271261dc559fd6432f7d8c713153e9ec5c591af4dfc1c/pytz-2026.3.post1.tar.gz", hash = "sha256:2211d3fcf9a797d3405cac96ac7f61d80e6a644f72a3309607282fe8a2010c5d", size = 319745, upload-time = "2026-07-25T15:12:07.385Z" }
wheels = [
    { url = "https://files.pythonhosted.org/packages/0f/7b/39c34ca613b0b198cb866466651b26b045e2009864c5183c979a3b83f383/pytz-2026.3.post1-py2.py3-none-any.whl", hash = "sha256:dd95840dd199baea12d9cc096a1d452caa6596a1c1e4b5f3dbd1541855d5e815", size = 508283, upload-time = "2026-07-25T15:12:05.782Z" },
]

[[package]]
name = "smmap"
version = "5.0.3"
source = { registry = "https://pypi.org/simple" }
sdist = { url = "https://files.pythonhosted.org/packages/1f/ea/49c993d6dfdd7338c9b1000a0f36817ed7ec84577ae2e52f890d1a4ff909/smmap-5.0.3.tar.gz", hash = "sha256:4d9debb8b99007ae47165abc08670bd74cb74b5227dda7f643eccc4e9eb5642c", size = 22506, upload-time = "2026-03-09T03:43:26.1Z" }
wheels = [
    { url = "https://files.pythonhosted.org/packages/c1/d4/59e74daffcb57a07668852eeeb6035af9f32cbfd7a1d2511f17d2fe6a738/smmap-5.0.3-py3-none-any.whl", hash = "sha256:c106e05d5a61449cf6ba9a1e650227ecfb141590d2a98412103ff35d89fc7b2f", size = 24390, upload-time = "2026-03-09T03:43:24.361Z" },
]

[[package]]
name = "tree-sitter"
version = "0.25.0"
source = { registry = "https://pypi.org/simple" }
sdist = { url = "https://files.pythonhosted.org/packages/98/21/e952c3180f0fd83d09cee9e0bc29f67827c659cee45077ae06eb7d813cfc/tree-sitter-0.25.0.tar.gz", hash = "sha256:15c88775cf24db06677bafe62df058a6457d8a6dde67baa48dd3723b905e79a6", size = 177740, upload-time = "2025-07-20T13:17:48.886Z" }
wheels = [
    { url = "https://files.pythonhosted.org/packages/7a/fd/7578088dddec9b89b60d8dfea1901f3a5dff61b66d3c637c309b6209c8db/tree_sitter-0.25.0-cp313-cp313-macosx_10_13_x86_64.whl", hash = "sha256:689a19d51103f727a545ec9ba9cd377267445859838c38ec55d159dc57e82e8a", size = 147009, upload-time = "2025-07-20T13:17:41.038Z" },
    { url = "https://files.pythonhosted.org/packages/7a/3e/6e3dac18c119acf738174a19ce91d89b34f6ad1ca1c5dd57b245ae15c935/tree_sitter-0.25.0-cp313-cp313-macosx_11_0_arm64.whl", hash = "sha256:86288b218ef958dcafe40030d6d70c99baffaf808bd81b49de160f9724fc0ba4", size = 140828, upload-time = "2025-07-20T13:17:42.023Z" },
    { url = "https://files.pythonhosted.org/packages/fa/21/94d26f5d488d85bf5201280f82ce7de374ce30ed5d5469e57623d64ead9a/tree_sitter-0.25.0-cp313-cp313-manylinux2014_aarch64.manylinux_2_17_aarch64.manylinux_2_28_aarch64.whl", hash = "sha256:5241610319177ee2f68b8e719bf1e1b309155e126d9cd567ff84f20878d7e5d0", size = 618600, upload-time = "2025-07-20T13:17:43.203Z" },
    { url = "https://files.pythonhosted.org/packages/67/74/e852445871c0a82bfa5e3d16541e0ce6775ef458d3a8f03ab3737c661832/tree_sitter-0.25.0-cp313-cp313-manylinux2014_x86_64.manylinux_2_17_x86_64.manylinux_2_28_x86_64.whl", hash = "sha256:ae1553d652a54926f80dc0a42fba07db110bb1a3ebaf47d1c4c64f8d44dd8207", size = 636691, upload-time = "2025-07-20T13:17:44.382Z" },
    { url = "https://files.pythonhosted.org/packages/87/67/759afe10e0018aa3ca3269df0257228b2df120e3956171a3667b133f3100/tree_sitter-0.25.0-cp313-cp313-musllinux_1_2_x86_64.whl", hash = "sha256:ccac581551407a73a519b872553973598b69d3d237ffaf32408fb38ecb775484", size = 632730, upload-time = "2025-07-20T13:17:45.687Z" },
    { url = "https://files.pythonhosted.org/packages/8d/42/24a80dafdb32f1f7d16e3236f2ba8a2bc7b0e5c2a19c7b45f874f0980e90/tree_sitter-0.25.0-cp313-cp313-win_amd64.whl", hash = "sha256:d58e912869514ebb441b15c22a13a9c78f1b69be15f6a42b1d18e3f790e5d6ba", size = 126779, upload-time = "2025-07-20T13:17:46.943Z" },
    { url = "https://files.pythonhosted.org/packages/6f/2e/6af369e9d6deab9baaa60e2fa91acf82a68c63d835a2fe4f4265674ecc53/tree_sitter-0.25.0-cp313-cp313-win_arm64.whl", hash = "sha256:a1b8302161fa8da52cfafcd7575fa7d5806a9608a0b51c7a1fe45bfe70b62d46", size = 113623, upload-time = "2025-07-20T13:17:47.718Z" },
]

[[package]]
name = "tree-sitter-python"
version = "0.25.0"
source = { registry = "https://pypi.org/simple" }
sdist = { url = "https://files.pythonhosted.org/packages/b8/8b/c992ff0e768cb6768d5c96234579bf8842b3a633db641455d86dd30d5dac/tree_sitter_python-0.25.0.tar.gz", hash = "sha256:b13e090f725f5b9c86aa455a268553c65cadf325471ad5b65cd29cac8a1a68ac", size = 159845, upload-time = "2025-09-11T06:47:58.159Z" }
wheels = [
    { url = "https://files.pythonhosted.org/packages/cf/64/a4e503c78a4eb3ac46d8e72a29c1b1237fa85238d8e972b063e0751f5a94/tree_sitter_python-0.25.0-cp310-abi3-macosx_10_9_x86_64.whl", hash = "sha256:14a79a47ddef72f987d5a2c122d148a812169d7484ff5c75a3db9609d419f361", size = 73790, upload-time = "2025-09-11T06:47:47.652Z" },
    { url = "https://files.pythonhosted.org/packages/e6/1d/60d8c2a0cc63d6ec4ba4e99ce61b802d2e39ef9db799bdf2a8f932a6cd4b/tree_sitter_python-0.25.0-cp310-abi3-macosx_11_0_arm64.whl", hash = "sha256:480c21dbd995b7fe44813e741d71fed10ba695e7caab627fb034e3828469d762", size = 76691, upload-time = "2025-09-11T06:47:49.038Z" },
    { url = "https://files.pythonhosted.org/packages/aa/cb/d9b0b67d037922d60cbe0359e0c86457c2da721bc714381a63e2c8e35eba/tree_sitter_python-0.25.0-cp310-abi3-manylinux1_x86_64.manylinux_2_28_x86_64.manylinux_2_5_x86_64.whl", hash = "sha256:86f118e5eecad616ecdb81d171a36dde9bef5a0b21ed71ea9c3e390813c3baf5", size = 108133, upload-time = "2025-09-11T06:47:50.499Z" },
    { url = "https://files.pythonhosted.org/packages/40/bd/bf4787f57e6b2860f3f1c8c62f045b39fb32d6bac4b53d7a9e66de968440/tree_sitter_python-0.25.0-cp310-abi3-manylinux2014_aarch64.manylinux_2_17_aarch64.manylinux_2_28_aarch64.whl", hash = "sha256:be71650ca2b93b6e9649e5d65c6811aad87a7614c8c1003246b303f6b150f61b", size = 110603, upload-time = "2025-09-11T06:47:51.985Z" },
    { url = "https://files.pythonhosted.org/packages/5d/25/feff09f5c2f32484fbce15db8b49455c7572346ce61a699a41972dea7318/tree_sitter_python-0.25.0-cp310-abi3-musllinux_1_2_aarch64.whl", hash = "sha256:e6d5b5799628cc0f24691ab2a172a8e676f668fe90dc60468bee14084a35c16d", size = 108998, upload-time = "2025-09-11T06:47:53.046Z" },
    { url = "https://files.pythonhosted.org/packages/75/69/4946da3d6c0df316ccb938316ce007fb565d08f89d02d854f2d308f0309f/tree_sitter_python-0.25.0-cp310-abi3-musllinux_1_2_x86_64.whl", hash = "sha256:71959832fc5d9642e52c11f2f7d79ae520b461e63334927e93ca46cd61cd9683", size = 107268, upload-time = "2025-09-11T06:47:54.388Z" },
    { url = "https://files.pythonhosted.org/packages/ed/a2/996fc2dfa1076dc460d3e2f3c75974ea4b8f02f6bc925383aaae519920e8/tree_sitter_python-0.25.0-cp310-abi3-win_amd64.whl", hash = "sha256:9bcde33f18792de54ee579b00e1b4fe186b7926825444766f849bf7181793a76", size = 76073, upload-time = "2025-09-11T06:47:55.773Z" },
    { url = "https://files.pythonhosted.org/packages/07/19/4b5569d9b1ebebb5907d11554a96ef3fa09364a30fcfabeff587495b512f/tree_sitter_python-0.25.0-cp310-abi3-win_arm64.whl", hash = "sha256:0fbf6a3774ad7e89ee891851204c2e2c47e12b63a5edbe2e9156997731c128bb", size = 74169, upload-time = "2025-09-11T06:47:56.747Z" },
]
